
Microsoft Visual Studio Solution File, Format Version 12.00
# Visual Studio Version 16
VisualStudioVersion = 16.0.30523.141
MinimumVisualStudioVersion = 10.0.40219.1
Project("{9A19103F-16F7-4668-BE54-9A1E7A4F7556}") = "Blog.API", "Blog.Admin\Blog.API.csproj", "{83940F24-4770-46BD-B890-89D3A9E5EAC5}"
EndProject
Project("{9A19103F-16F7-4668-BE54-9A1E7A4F7556}") = "Blog.Core", "Blog.Model\Blog.Core.csproj", "{6EBCB466-9027-4A32-A417-54A42993BCC1}"
EndProject
Project("{9A19103F-16F7-4668-BE54-9A1E7A4F7556}") = "Blog.Repository", "Blog.Repository\Blog.Repository.csproj", "{8645325B-847E-4191-B2D3-0A51EDC648F3}"
EndProject
Project("{9A19103F-16F7-4668-BE54-9A1E7A4F7556}") = "Blog.Service", "Blog.Service\Blog.Service.csproj", "{C80DAEF1-1D1D-43B6-8CFD-0A05C6E99201}"
EndProject
Project("{FAE04EC0-301F-11D3-BF4B-00C04F79EFBC}") = "Blog.Common", "Blog.Common\Blog.Common.csproj", "{72E105A4-DB18-4FA5-8451-9764DA55CCF4}"
EndProject
Global
	GlobalSection(SolutionConfigurationPlatforms) = preSolution
		Debug|Any CPU = Debug|Any CPU
		Release|Any CPU = Release|Any CPU
	EndGlobalSection
	GlobalSection(ProjectConfigurationPlatforms) = postSolution
		{83940F24-4770-46BD-B890-89D3A9E5EAC5}.Debug|Any CPU.ActiveCfg = Debug|Any CPU
		{83940F24-4770-46BD-B890-89D3A9E5EAC5}.Debug|Any CPU.Build.0 = Debug|Any CPU
		{83940F24-4770-46BD-B890-89D3A9E5EAC5}.Release|Any CPU.ActiveCfg = Release|Any CPU
		{83940F24-4770-46BD-B890-89D3A9E5EAC5}.Release|Any CPU.Build.0 = Release|Any CPU
		{6EBCB466-9027-4A32-A417-54A42993BCC1}.Debug|Any CPU.ActiveCfg = Debug|Any CPU
		{6EBCB466-9027-4A32-A417-54A42993BCC1}.Debug|Any CPU.Build.0 = Debug|Any CPU
		{6EBCB466-9027-4A32-A417-54A42993BCC1}.Release|Any CPU.ActiveCfg = Release|Any CPU
		{6EBCB466-9027-4A32-A417-54A42993BCC1}.Release|Any CPU.Build.0 = Release|Any CPU
		{8645325B-847E-4191-B2D3-0A51EDC648F3}.Debug|Any CPU.ActiveCfg = Debug|Any CPU
		{8645325B-847E-4191-B2D3-0A51EDC648F3}.Debug|Any CPU.Build.0 = Debug|Any CPU
		{8645325B-847E-4191-B2D3-0A51EDC648F3}.Release|Any CPU.ActiveCfg = Release|Any CPU
		{8645325B-847E-4191-B2D3-0A51EDC648F3}.Release|Any CPU.Build.0 = Release|Any CPU
		{C80DAEF1-1D1D-43B6-8CFD-0A05C6E99201}.Debug|Any CPU.ActiveCfg = Debug|Any CPU
		{C80DAEF1-1D1D-43B6-8CFD-0A05C6E99201}.Debug|Any CPU.Build.0 = Debug|Any CPU
		{C80DAEF1-1D1D-43B6-8CFD-0A05C6E99201}.Release|Any CPU.ActiveCfg = Release|Any CPU
		{C80DAEF1-1D1D-43B6-8CFD-0A05C6E99201}.Release|Any CPU.Build.0 = Release|Any CPU
		{72E105A4-DB18-4FA5-8451-9764DA55CCF4}.Debug|Any CPU.ActiveCfg = Debug|Any CPU
		{72E105A4-DB18-4FA5-8451-9764DA55CCF4}.Debug|Any CPU.Build.0 = Debug|Any CPU
		{72E105A4-DB18-4FA5-8451-9764DA55CCF4}.Release|Any CPU.ActiveCfg = Release|Any CPU
		{72E105A4-DB18-4FA5-8451-9764DA55CCF4}.Release|Any CPU.Build.0 = Release|Any CPU
	EndGlobalSection
	GlobalSection(SolutionProperties) = preSolution
		HideSolutionNode = FALSE
	EndGlobalSection
	GlobalSection(ExtensibilityGlobals) = postSolution
		SolutionGuid = {B1D0CB36-013F-45C6-B2EF-B6E5906F8114}
	EndGlobalSection
EndGlobal
