
Microsoft Visual Studio Solution File, Format Version 12.00
# Visual Studio Version 16
VisualStudioVersion = 16.0.30523.141
MinimumVisualStudioVersion = 10.0.40219.1
Project("{9A19103F-16F7-4668-BE54-9A1E7A4F7556}") = "Blog.API", "blog.api\Blog.Admin\Blog.API.csproj", "{83940F24-4770-46BD-B890-89D3A9E5EAC5}"
EndProject
Project("{9A19103F-16F7-4668-BE54-9A1E7A4F7556}") = "Blog.Model", "blog.api\Blog.Model\Blog.Model.csproj", "{6EBCB466-9027-4A32-A417-54A42993BCC1}"
EndProject
Project("{9A19103F-16F7-4668-BE54-9A1E7A4F7556}") = "Blog.Repository", "blog.api\Blog.Repository\Blog.Repository.csproj", "{8645325B-847E-4191-B2D3-0A51EDC648F3}"
EndProject
Project("{9A19103F-16F7-4668-BE54-9A1E7A4F7556}") = "Blog.Service", "blog.api\Blog.Service\Blog.Service.csproj", "{C80DAEF1-1D1D-43B6-8CFD-0A05C6E99201}"
EndProject
Project("{9A19103F-16F7-4668-BE54-9A1E7A4F7556}") = "Blog.IService", "blog.api\Blog.IService\Blog.IService.csproj", "{B9781980-8AC8-4CAF-81F1-B95E7CBD10E4}"
EndProject
Project("{9A19103F-16F7-4668-BE54-9A1E7A4F7556}") = "Blog.Entity", "blog.api\Blog.Entity\Blog.Entity.csproj", "{4C40F64C-9792-4AB3-B013-89FFE274147B}"
EndProject
Project("{9A19103F-16F7-4668-BE54-9A1E7A4F7556}") = "Blog.Extension", "blog.api\Blog.Extension\Blog.Extension.csproj", "{13BC5FBE-3901-4CCD-BCDE-CFBE0363A584}"
EndProject
Project("{9A19103F-16F7-4668-BE54-9A1E7A4F7556}") = "Blog.IRepository", "blog.api\Blog.IRepository\Blog.IRepository.csproj", "{D96BC165-82DE-4C4B-A94D-6D4D92C52852}"
EndProject
Project("{2150E333-8FDC-42A3-9474-1A3956D46DE8}") = "Data", "Data", "{385F2EB4-36D7-4155-A1D4-07358854E05D}"
EndProject
Project("{2150E333-8FDC-42A3-9474-1A3956D46DE8}") = "Bussiness", "Bussiness", "{AD907AF6-3971-4FF4-B88A-FE8D66A7C3D9}"
EndProject
Project("{9A19103F-16F7-4668-BE54-9A1E7A4F7556}") = "XjjXmm.Framework", "blog.api\XjjXmm.Framework\XjjXmm.Framework.csproj", "{B24CABF8-B837-4E7F-A224-C3D3776B83B3}"
EndProject
Project("{2150E333-8FDC-42A3-9474-1A3956D46DE8}") = "Blog", "Blog", "{506FAADA-3EB9-4EFC-B310-0B91C78557E5}"
EndProject
Project("{2150E333-8FDC-42A3-9474-1A3956D46DE8}") = "Core", "Core", "{EB681905-6B4A-44B1-BE6F-0036FF73C94A}"
EndProject
Project("{9A19103F-16F7-4668-BE54-9A1E7A4F7556}") = "DoCare.Zkzx.Core.Database", "XjjXmm.Core\XjjXmm.Core.Database\DoCare.Zkzx.Core.Database.csproj", "{413540AB-6DBE-46C6-8782-0BA101148181}"
EndProject
Project("{9A19103F-16F7-4668-BE54-9A1E7A4F7556}") = "XjjXmm.Core.FrameWork", "XjjXmm.Core\XjjXmm.Core.FrameWork\XjjXmm.Core.FrameWork.csproj", "{B9792EA5-C04F-4F84-9218-0292E2CF6150}"
EndProject
Project("{2150E333-8FDC-42A3-9474-1A3956D46DE8}") = "Permission", "Permission", "{49B393CD-C21E-4767-9168-8584458BF032}"
EndProject
Project("{9A19103F-16F7-4668-BE54-9A1E7A4F7556}") = "XjjXmm.Core.SetUp", "XjjXmm.Core\XjjXmm.Core.SetUp\XjjXmm.Core.SetUp.csproj", "{8FD40087-D312-42AF-9234-5601C7D48911}"
EndProject
Project("{9A19103F-16F7-4668-BE54-9A1E7A4F7556}") = "DoCare.Zkzx.Core.FrameWork.Tool", "XjjXmm.Core\XjjXmm.Core.ToolKit\DoCare.Zkzx.Core.FrameWork.Tool.csproj", "{B149CAE8-4F34-4549-B8F5-0A1892319226}"
EndProject
Project("{9A19103F-16F7-4668-BE54-9A1E7A4F7556}") = "Permission.Api", "Service.Permission\Permission.Api\Permission.Api.csproj", "{6B8EA7DC-EFAE-41A2-B0B5-ADAF2703E1F7}"
EndProject
Project("{2150E333-8FDC-42A3-9474-1A3956D46DE8}") = "Data", "Data", "{63F08913-46EF-43BC-9F97-78CAAC10E89F}"
EndProject
Project("{9A19103F-16F7-4668-BE54-9A1E7A4F7556}") = "Permission.Entity", "Service.Permission\Permission.Entity\Permission.Entity.csproj", "{580AA546-01E6-4617-B988-406900C5141C}"
EndProject
Project("{9A19103F-16F7-4668-BE54-9A1E7A4F7556}") = "Permission.IRepository", "Service.Permission\Permission.IRepository\Permission.IRepository.csproj", "{317BCBA1-425C-43B5-A4BA-0C5518DC3637}"
EndProject
Project("{9A19103F-16F7-4668-BE54-9A1E7A4F7556}") = "Permission.Repository", "Service.Permission\Permission.Repository\Permission.Repository.csproj", "{EE0DC89F-2F2F-4599-9D88-4EB26505E4E3}"
EndProject
Project("{2150E333-8FDC-42A3-9474-1A3956D46DE8}") = "Bussiness", "Bussiness", "{3B0ADE31-BF58-4D33-ACD8-BF505728FF5E}"
EndProject
Project("{9A19103F-16F7-4668-BE54-9A1E7A4F7556}") = "Permission.Model", "Service.Permission\Permission.Model\Permission.Model.csproj", "{C05E1741-33C8-4096-987B-F13C87D1AC5B}"
EndProject
Project("{9A19103F-16F7-4668-BE54-9A1E7A4F7556}") = "Permission.Service", "Service.Permission\Permission.Service\Permission.Service.csproj", "{90062719-51A7-4117-9450-94DDF508C400}"
EndProject
Project("{9A19103F-16F7-4668-BE54-9A1E7A4F7556}") = "Permission.IService", "Service.Permission\Permission.IService\Permission.IService.csproj", "{CA315162-5075-4A39-89A6-839E5498992F}"
EndProject
Project("{9A19103F-16F7-4668-BE54-9A1E7A4F7556}") = "test", "test\test.csproj", "{A1BBB0F8-B21A-42CB-8453-B6957EE7D37D}"
EndProject
Project("{2150E333-8FDC-42A3-9474-1A3956D46DE8}") = "Estmate", "Estmate", "{748B2B47-6D20-465B-B426-A7A07D3B41F3}"
EndProject
Project("{9A19103F-16F7-4668-BE54-9A1E7A4F7556}") = "Estmate.Web", "Estmate\Estmate.Web\Estmate.Web.csproj", "{269AEA9E-04A8-4B82-A677-5881CEFF2872}"
EndProject
Project("{2150E333-8FDC-42A3-9474-1A3956D46DE8}") = "gateway", "gateway", "{329E1138-8F1B-4F81-92E0-B6F7BB08FF5D}"
EndProject
Project("{9A19103F-16F7-4668-BE54-9A1E7A4F7556}") = "XjjXmm.Door", "gateway\XjjXmm.Door\XjjXmm.Door.csproj", "{D2B8D0AE-E139-4FFB-A6EA-C627D9E78945}"
EndProject
Project("{2150E333-8FDC-42A3-9474-1A3956D46DE8}") = "Authorize", "Authorize", "{0A826AD7-25E7-4BCC-B9ED-571A04563ADD}"
EndProject
Project("{9A19103F-16F7-4668-BE54-9A1E7A4F7556}") = "XjjXmm.FrameWork", "XjjXmm.Core\Xjjxmm.FrameWork\XjjXmm.FrameWork.csproj", "{E33FDD75-32DC-4F75-AB65-87FDAD491277}"
EndProject
Project("{9A19103F-16F7-4668-BE54-9A1E7A4F7556}") = "XjjXmm.Authorize.Api", "XjjXmm.Service.Authorize\Xjjxmm.Authorize.Api\XjjXmm.Authorize.Api.csproj", "{AE09FB61-A3CC-4534-81A5-EB61E4F89510}"
EndProject
Project("{9A19103F-16F7-4668-BE54-9A1E7A4F7556}") = "XjjXmm.Authorize.Service", "XjjXmm.Service.Authorize\XjjXmm.Authorize.Service\XjjXmm.Authorize.Service.csproj", "{8987FF64-C062-49FC-8532-25BF33607B74}"
EndProject
Project("{9A19103F-16F7-4668-BE54-9A1E7A4F7556}") = "XjjXmm.Authorize.Repository", "XjjXmm.Service.Authorize\XjjXmm.Authorize.Repository\XjjXmm.Authorize.Repository.csproj", "{4D0AC791-EDEA-46A3-9D29-3E8CF7C2636B}"
EndProject
Project("{9A19103F-16F7-4668-BE54-9A1E7A4F7556}") = "Xjjxmm.DataBase", "XjjXmm.Core\Xjjxmm.DataBase\Xjjxmm.DataBase.csproj", "{E8FDCD15-147A-4BF2-B077-B839068E034B}"
EndProject
Project("{2150E333-8FDC-42A3-9474-1A3956D46DE8}") = "Test", "Test", "{32EBDE9E-754D-4002-9BB2-53343797DB96}"
EndProject
Project("{FAE04EC0-301F-11D3-BF4B-00C04F79EFBC}") = "XjjXmmTest", "..\Test\XjjXmmTest\XjjXmmTest.csproj", "{86E6E661-95B7-4422-9211-80F3149FF47D}"
EndProject
Global
	GlobalSection(SolutionConfigurationPlatforms) = preSolution
		Debug|Any CPU = Debug|Any CPU
		Release|Any CPU = Release|Any CPU
	EndGlobalSection
	GlobalSection(ProjectConfigurationPlatforms) = postSolution
		{83940F24-4770-46BD-B890-89D3A9E5EAC5}.Debug|Any CPU.ActiveCfg = Debug|Any CPU
		{83940F24-4770-46BD-B890-89D3A9E5EAC5}.Debug|Any CPU.Build.0 = Debug|Any CPU
		{83940F24-4770-46BD-B890-89D3A9E5EAC5}.Release|Any CPU.ActiveCfg = Release|Any CPU
		{83940F24-4770-46BD-B890-89D3A9E5EAC5}.Release|Any CPU.Build.0 = Release|Any CPU
		{6EBCB466-9027-4A32-A417-54A42993BCC1}.Debug|Any CPU.ActiveCfg = Debug|Any CPU
		{6EBCB466-9027-4A32-A417-54A42993BCC1}.Debug|Any CPU.Build.0 = Debug|Any CPU
		{6EBCB466-9027-4A32-A417-54A42993BCC1}.Release|Any CPU.ActiveCfg = Release|Any CPU
		{6EBCB466-9027-4A32-A417-54A42993BCC1}.Release|Any CPU.Build.0 = Release|Any CPU
		{8645325B-847E-4191-B2D3-0A51EDC648F3}.Debug|Any CPU.ActiveCfg = Debug|Any CPU
		{8645325B-847E-4191-B2D3-0A51EDC648F3}.Debug|Any CPU.Build.0 = Debug|Any CPU
		{8645325B-847E-4191-B2D3-0A51EDC648F3}.Release|Any CPU.ActiveCfg = Release|Any CPU
		{8645325B-847E-4191-B2D3-0A51EDC648F3}.Release|Any CPU.Build.0 = Release|Any CPU
		{C80DAEF1-1D1D-43B6-8CFD-0A05C6E99201}.Debug|Any CPU.ActiveCfg = Debug|Any CPU
		{C80DAEF1-1D1D-43B6-8CFD-0A05C6E99201}.Debug|Any CPU.Build.0 = Debug|Any CPU
		{C80DAEF1-1D1D-43B6-8CFD-0A05C6E99201}.Release|Any CPU.ActiveCfg = Release|Any CPU
		{C80DAEF1-1D1D-43B6-8CFD-0A05C6E99201}.Release|Any CPU.Build.0 = Release|Any CPU
		{B9781980-8AC8-4CAF-81F1-B95E7CBD10E4}.Debug|Any CPU.ActiveCfg = Debug|Any CPU
		{B9781980-8AC8-4CAF-81F1-B95E7CBD10E4}.Debug|Any CPU.Build.0 = Debug|Any CPU
		{B9781980-8AC8-4CAF-81F1-B95E7CBD10E4}.Release|Any CPU.ActiveCfg = Release|Any CPU
		{B9781980-8AC8-4CAF-81F1-B95E7CBD10E4}.Release|Any CPU.Build.0 = Release|Any CPU
		{4C40F64C-9792-4AB3-B013-89FFE274147B}.Debug|Any CPU.ActiveCfg = Debug|Any CPU
		{4C40F64C-9792-4AB3-B013-89FFE274147B}.Debug|Any CPU.Build.0 = Debug|Any CPU
		{4C40F64C-9792-4AB3-B013-89FFE274147B}.Release|Any CPU.ActiveCfg = Release|Any CPU
		{4C40F64C-9792-4AB3-B013-89FFE274147B}.Release|Any CPU.Build.0 = Release|Any CPU
		{13BC5FBE-3901-4CCD-BCDE-CFBE0363A584}.Debug|Any CPU.ActiveCfg = Debug|Any CPU
		{13BC5FBE-3901-4CCD-BCDE-CFBE0363A584}.Debug|Any CPU.Build.0 = Debug|Any CPU
		{13BC5FBE-3901-4CCD-BCDE-CFBE0363A584}.Release|Any CPU.ActiveCfg = Release|Any CPU
		{13BC5FBE-3901-4CCD-BCDE-CFBE0363A584}.Release|Any CPU.Build.0 = Release|Any CPU
		{D96BC165-82DE-4C4B-A94D-6D4D92C52852}.Debug|Any CPU.ActiveCfg = Debug|Any CPU
		{D96BC165-82DE-4C4B-A94D-6D4D92C52852}.Debug|Any CPU.Build.0 = Debug|Any CPU
		{D96BC165-82DE-4C4B-A94D-6D4D92C52852}.Release|Any CPU.ActiveCfg = Release|Any CPU
		{D96BC165-82DE-4C4B-A94D-6D4D92C52852}.Release|Any CPU.Build.0 = Release|Any CPU
		{B24CABF8-B837-4E7F-A224-C3D3776B83B3}.Debug|Any CPU.ActiveCfg = Debug|Any CPU
		{B24CABF8-B837-4E7F-A224-C3D3776B83B3}.Debug|Any CPU.Build.0 = Debug|Any CPU
		{B24CABF8-B837-4E7F-A224-C3D3776B83B3}.Release|Any CPU.ActiveCfg = Release|Any CPU
		{B24CABF8-B837-4E7F-A224-C3D3776B83B3}.Release|Any CPU.Build.0 = Release|Any CPU
		{413540AB-6DBE-46C6-8782-0BA101148181}.Debug|Any CPU.ActiveCfg = Debug|Any CPU
		{413540AB-6DBE-46C6-8782-0BA101148181}.Debug|Any CPU.Build.0 = Debug|Any CPU
		{413540AB-6DBE-46C6-8782-0BA101148181}.Release|Any CPU.ActiveCfg = Release|Any CPU
		{413540AB-6DBE-46C6-8782-0BA101148181}.Release|Any CPU.Build.0 = Release|Any CPU
		{B9792EA5-C04F-4F84-9218-0292E2CF6150}.Debug|Any CPU.ActiveCfg = Debug|Any CPU
		{B9792EA5-C04F-4F84-9218-0292E2CF6150}.Debug|Any CPU.Build.0 = Debug|Any CPU
		{B9792EA5-C04F-4F84-9218-0292E2CF6150}.Release|Any CPU.ActiveCfg = Release|Any CPU
		{B9792EA5-C04F-4F84-9218-0292E2CF6150}.Release|Any CPU.Build.0 = Release|Any CPU
		{8FD40087-D312-42AF-9234-5601C7D48911}.Debug|Any CPU.ActiveCfg = Debug|Any CPU
		{8FD40087-D312-42AF-9234-5601C7D48911}.Debug|Any CPU.Build.0 = Debug|Any CPU
		{8FD40087-D312-42AF-9234-5601C7D48911}.Release|Any CPU.ActiveCfg = Release|Any CPU
		{8FD40087-D312-42AF-9234-5601C7D48911}.Release|Any CPU.Build.0 = Release|Any CPU
		{B149CAE8-4F34-4549-B8F5-0A1892319226}.Debug|Any CPU.ActiveCfg = Debug|Any CPU
		{B149CAE8-4F34-4549-B8F5-0A1892319226}.Debug|Any CPU.Build.0 = Debug|Any CPU
		{B149CAE8-4F34-4549-B8F5-0A1892319226}.Release|Any CPU.ActiveCfg = Release|Any CPU
		{B149CAE8-4F34-4549-B8F5-0A1892319226}.Release|Any CPU.Build.0 = Release|Any CPU
		{6B8EA7DC-EFAE-41A2-B0B5-ADAF2703E1F7}.Debug|Any CPU.ActiveCfg = Debug|Any CPU
		{6B8EA7DC-EFAE-41A2-B0B5-ADAF2703E1F7}.Debug|Any CPU.Build.0 = Debug|Any CPU
		{6B8EA7DC-EFAE-41A2-B0B5-ADAF2703E1F7}.Release|Any CPU.ActiveCfg = Release|Any CPU
		{6B8EA7DC-EFAE-41A2-B0B5-ADAF2703E1F7}.Release|Any CPU.Build.0 = Release|Any CPU
		{580AA546-01E6-4617-B988-406900C5141C}.Debug|Any CPU.ActiveCfg = Debug|Any CPU
		{580AA546-01E6-4617-B988-406900C5141C}.Debug|Any CPU.Build.0 = Debug|Any CPU
		{580AA546-01E6-4617-B988-406900C5141C}.Release|Any CPU.ActiveCfg = Release|Any CPU
		{580AA546-01E6-4617-B988-406900C5141C}.Release|Any CPU.Build.0 = Release|Any CPU
		{317BCBA1-425C-43B5-A4BA-0C5518DC3637}.Debug|Any CPU.ActiveCfg = Debug|Any CPU
		{317BCBA1-425C-43B5-A4BA-0C5518DC3637}.Debug|Any CPU.Build.0 = Debug|Any CPU
		{317BCBA1-425C-43B5-A4BA-0C5518DC3637}.Release|Any CPU.ActiveCfg = Release|Any CPU
		{317BCBA1-425C-43B5-A4BA-0C5518DC3637}.Release|Any CPU.Build.0 = Release|Any CPU
		{EE0DC89F-2F2F-4599-9D88-4EB26505E4E3}.Debug|Any CPU.ActiveCfg = Debug|Any CPU
		{EE0DC89F-2F2F-4599-9D88-4EB26505E4E3}.Debug|Any CPU.Build.0 = Debug|Any CPU
		{EE0DC89F-2F2F-4599-9D88-4EB26505E4E3}.Release|Any CPU.ActiveCfg = Release|Any CPU
		{EE0DC89F-2F2F-4599-9D88-4EB26505E4E3}.Release|Any CPU.Build.0 = Release|Any CPU
		{C05E1741-33C8-4096-987B-F13C87D1AC5B}.Debug|Any CPU.ActiveCfg = Debug|Any CPU
		{C05E1741-33C8-4096-987B-F13C87D1AC5B}.Debug|Any CPU.Build.0 = Debug|Any CPU
		{C05E1741-33C8-4096-987B-F13C87D1AC5B}.Release|Any CPU.ActiveCfg = Release|Any CPU
		{C05E1741-33C8-4096-987B-F13C87D1AC5B}.Release|Any CPU.Build.0 = Release|Any CPU
		{90062719-51A7-4117-9450-94DDF508C400}.Debug|Any CPU.ActiveCfg = Debug|Any CPU
		{90062719-51A7-4117-9450-94DDF508C400}.Debug|Any CPU.Build.0 = Debug|Any CPU
		{90062719-51A7-4117-9450-94DDF508C400}.Release|Any CPU.ActiveCfg = Release|Any CPU
		{90062719-51A7-4117-9450-94DDF508C400}.Release|Any CPU.Build.0 = Release|Any CPU
		{CA315162-5075-4A39-89A6-839E5498992F}.Debug|Any CPU.ActiveCfg = Debug|Any CPU
		{CA315162-5075-4A39-89A6-839E5498992F}.Debug|Any CPU.Build.0 = Debug|Any CPU
		{CA315162-5075-4A39-89A6-839E5498992F}.Release|Any CPU.ActiveCfg = Release|Any CPU
		{CA315162-5075-4A39-89A6-839E5498992F}.Release|Any CPU.Build.0 = Release|Any CPU
		{A1BBB0F8-B21A-42CB-8453-B6957EE7D37D}.Debug|Any CPU.ActiveCfg = Debug|Any CPU
		{A1BBB0F8-B21A-42CB-8453-B6957EE7D37D}.Debug|Any CPU.Build.0 = Debug|Any CPU
		{A1BBB0F8-B21A-42CB-8453-B6957EE7D37D}.Release|Any CPU.ActiveCfg = Release|Any CPU
		{A1BBB0F8-B21A-42CB-8453-B6957EE7D37D}.Release|Any CPU.Build.0 = Release|Any CPU
		{269AEA9E-04A8-4B82-A677-5881CEFF2872}.Debug|Any CPU.ActiveCfg = Debug|Any CPU
		{269AEA9E-04A8-4B82-A677-5881CEFF2872}.Debug|Any CPU.Build.0 = Debug|Any CPU
		{269AEA9E-04A8-4B82-A677-5881CEFF2872}.Release|Any CPU.ActiveCfg = Release|Any CPU
		{269AEA9E-04A8-4B82-A677-5881CEFF2872}.Release|Any CPU.Build.0 = Release|Any CPU
		{D2B8D0AE-E139-4FFB-A6EA-C627D9E78945}.Debug|Any CPU.ActiveCfg = Debug|Any CPU
		{D2B8D0AE-E139-4FFB-A6EA-C627D9E78945}.Debug|Any CPU.Build.0 = Debug|Any CPU
		{D2B8D0AE-E139-4FFB-A6EA-C627D9E78945}.Release|Any CPU.ActiveCfg = Release|Any CPU
		{D2B8D0AE-E139-4FFB-A6EA-C627D9E78945}.Release|Any CPU.Build.0 = Release|Any CPU
		{E33FDD75-32DC-4F75-AB65-87FDAD491277}.Debug|Any CPU.ActiveCfg = Debug|Any CPU
		{E33FDD75-32DC-4F75-AB65-87FDAD491277}.Debug|Any CPU.Build.0 = Debug|Any CPU
		{E33FDD75-32DC-4F75-AB65-87FDAD491277}.Release|Any CPU.ActiveCfg = Release|Any CPU
		{E33FDD75-32DC-4F75-AB65-87FDAD491277}.Release|Any CPU.Build.0 = Release|Any CPU
		{AE09FB61-A3CC-4534-81A5-EB61E4F89510}.Debug|Any CPU.ActiveCfg = Debug|Any CPU
		{AE09FB61-A3CC-4534-81A5-EB61E4F89510}.Debug|Any CPU.Build.0 = Debug|Any CPU
		{AE09FB61-A3CC-4534-81A5-EB61E4F89510}.Release|Any CPU.ActiveCfg = Release|Any CPU
		{AE09FB61-A3CC-4534-81A5-EB61E4F89510}.Release|Any CPU.Build.0 = Release|Any CPU
		{8987FF64-C062-49FC-8532-25BF33607B74}.Debug|Any CPU.ActiveCfg = Debug|Any CPU
		{8987FF64-C062-49FC-8532-25BF33607B74}.Debug|Any CPU.Build.0 = Debug|Any CPU
		{8987FF64-C062-49FC-8532-25BF33607B74}.Release|Any CPU.ActiveCfg = Release|Any CPU
		{8987FF64-C062-49FC-8532-25BF33607B74}.Release|Any CPU.Build.0 = Release|Any CPU
		{4D0AC791-EDEA-46A3-9D29-3E8CF7C2636B}.Debug|Any CPU.ActiveCfg = Debug|Any CPU
		{4D0AC791-EDEA-46A3-9D29-3E8CF7C2636B}.Debug|Any CPU.Build.0 = Debug|Any CPU
		{4D0AC791-EDEA-46A3-9D29-3E8CF7C2636B}.Release|Any CPU.ActiveCfg = Release|Any CPU
		{4D0AC791-EDEA-46A3-9D29-3E8CF7C2636B}.Release|Any CPU.Build.0 = Release|Any CPU
		{E8FDCD15-147A-4BF2-B077-B839068E034B}.Debug|Any CPU.ActiveCfg = Debug|Any CPU
		{E8FDCD15-147A-4BF2-B077-B839068E034B}.Debug|Any CPU.Build.0 = Debug|Any CPU
		{E8FDCD15-147A-4BF2-B077-B839068E034B}.Release|Any CPU.ActiveCfg = Release|Any CPU
		{E8FDCD15-147A-4BF2-B077-B839068E034B}.Release|Any CPU.Build.0 = Release|Any CPU
		{86E6E661-95B7-4422-9211-80F3149FF47D}.Debug|Any CPU.ActiveCfg = Debug|Any CPU
		{86E6E661-95B7-4422-9211-80F3149FF47D}.Debug|Any CPU.Build.0 = Debug|Any CPU
		{86E6E661-95B7-4422-9211-80F3149FF47D}.Release|Any CPU.ActiveCfg = Release|Any CPU
		{86E6E661-95B7-4422-9211-80F3149FF47D}.Release|Any CPU.Build.0 = Release|Any CPU
	EndGlobalSection
	GlobalSection(SolutionProperties) = preSolution
		HideSolutionNode = FALSE
	EndGlobalSection
	GlobalSection(NestedProjects) = preSolution
		{83940F24-4770-46BD-B890-89D3A9E5EAC5} = {506FAADA-3EB9-4EFC-B310-0B91C78557E5}
		{6EBCB466-9027-4A32-A417-54A42993BCC1} = {AD907AF6-3971-4FF4-B88A-FE8D66A7C3D9}
		{8645325B-847E-4191-B2D3-0A51EDC648F3} = {385F2EB4-36D7-4155-A1D4-07358854E05D}
		{C80DAEF1-1D1D-43B6-8CFD-0A05C6E99201} = {AD907AF6-3971-4FF4-B88A-FE8D66A7C3D9}
		{B9781980-8AC8-4CAF-81F1-B95E7CBD10E4} = {AD907AF6-3971-4FF4-B88A-FE8D66A7C3D9}
		{4C40F64C-9792-4AB3-B013-89FFE274147B} = {385F2EB4-36D7-4155-A1D4-07358854E05D}
		{13BC5FBE-3901-4CCD-BCDE-CFBE0363A584} = {506FAADA-3EB9-4EFC-B310-0B91C78557E5}
		{D96BC165-82DE-4C4B-A94D-6D4D92C52852} = {385F2EB4-36D7-4155-A1D4-07358854E05D}
		{385F2EB4-36D7-4155-A1D4-07358854E05D} = {506FAADA-3EB9-4EFC-B310-0B91C78557E5}
		{AD907AF6-3971-4FF4-B88A-FE8D66A7C3D9} = {506FAADA-3EB9-4EFC-B310-0B91C78557E5}
		{B24CABF8-B837-4E7F-A224-C3D3776B83B3} = {506FAADA-3EB9-4EFC-B310-0B91C78557E5}
		{413540AB-6DBE-46C6-8782-0BA101148181} = {EB681905-6B4A-44B1-BE6F-0036FF73C94A}
		{B9792EA5-C04F-4F84-9218-0292E2CF6150} = {EB681905-6B4A-44B1-BE6F-0036FF73C94A}
		{8FD40087-D312-42AF-9234-5601C7D48911} = {EB681905-6B4A-44B1-BE6F-0036FF73C94A}
		{B149CAE8-4F34-4549-B8F5-0A1892319226} = {EB681905-6B4A-44B1-BE6F-0036FF73C94A}
		{6B8EA7DC-EFAE-41A2-B0B5-ADAF2703E1F7} = {49B393CD-C21E-4767-9168-8584458BF032}
		{63F08913-46EF-43BC-9F97-78CAAC10E89F} = {49B393CD-C21E-4767-9168-8584458BF032}
		{580AA546-01E6-4617-B988-406900C5141C} = {63F08913-46EF-43BC-9F97-78CAAC10E89F}
		{317BCBA1-425C-43B5-A4BA-0C5518DC3637} = {63F08913-46EF-43BC-9F97-78CAAC10E89F}
		{EE0DC89F-2F2F-4599-9D88-4EB26505E4E3} = {63F08913-46EF-43BC-9F97-78CAAC10E89F}
		{3B0ADE31-BF58-4D33-ACD8-BF505728FF5E} = {49B393CD-C21E-4767-9168-8584458BF032}
		{C05E1741-33C8-4096-987B-F13C87D1AC5B} = {3B0ADE31-BF58-4D33-ACD8-BF505728FF5E}
		{90062719-51A7-4117-9450-94DDF508C400} = {3B0ADE31-BF58-4D33-ACD8-BF505728FF5E}
		{CA315162-5075-4A39-89A6-839E5498992F} = {3B0ADE31-BF58-4D33-ACD8-BF505728FF5E}
		{A1BBB0F8-B21A-42CB-8453-B6957EE7D37D} = {506FAADA-3EB9-4EFC-B310-0B91C78557E5}
		{D2B8D0AE-E139-4FFB-A6EA-C627D9E78945} = {329E1138-8F1B-4F81-92E0-B6F7BB08FF5D}
		{E33FDD75-32DC-4F75-AB65-87FDAD491277} = {EB681905-6B4A-44B1-BE6F-0036FF73C94A}
		{AE09FB61-A3CC-4534-81A5-EB61E4F89510} = {0A826AD7-25E7-4BCC-B9ED-571A04563ADD}
		{8987FF64-C062-49FC-8532-25BF33607B74} = {0A826AD7-25E7-4BCC-B9ED-571A04563ADD}
		{4D0AC791-EDEA-46A3-9D29-3E8CF7C2636B} = {0A826AD7-25E7-4BCC-B9ED-571A04563ADD}
		{E8FDCD15-147A-4BF2-B077-B839068E034B} = {EB681905-6B4A-44B1-BE6F-0036FF73C94A}
		{86E6E661-95B7-4422-9211-80F3149FF47D} = {32EBDE9E-754D-4002-9BB2-53343797DB96}
	EndGlobalSection
	GlobalSection(ExtensibilityGlobals) = postSolution
		SolutionGuid = {B1D0CB36-013F-45C6-B2EF-B6E5906F8114}
	EndGlobalSection
EndGlobal
